
Microsoft Visual Studio Solution File, Format Version 12.00
# Visual Studio Version 16
VisualStudioVersion = 16.0.29806.167
MinimumVisualStudioVersion = 10.0.40219.1
Project("{FAE04EC0-301F-11D3-BF4B-00C04F79EFBC}") = "TrialApp.UWP", "TrialApp.UWP\TrialApp.UWP.csproj", "{17780320-C1A3-43F9-B1F6-50B73CFC8A35}"
EndProject
Project("{FAE04EC0-301F-11D3-BF4B-00C04F79EFBC}") = "TrialApp.Android", "TrialApp.Android\TrialApp.Android.csproj", "{262E5049-74D0-40FE-8D4B-87EA4E84688F}"
EndProject
Project("{FAE04EC0-301F-11D3-BF4B-00C04F79EFBC}") = "TrialApp.iOS", "TrialApp.iOS\TrialApp.iOS.csproj", "{9731E415-18D1-49F0-89CA-1F366E12D7F0}"
EndProject
Project("{9A19103F-16F7-4668-BE54-9A1E7A4F7556}") = "TrialApp", "TrialApp\TrialApp.csproj", "{98E61AAB-CD4E-4A41-B64F-B709A3C56474}"
EndProject
Project("{2150E333-8FDC-42A3-9474-1A3956D46DE8}") = "Targets", "Targets", "{52F55B5F-A0FB-44BC-8534-5A6719AA2E95}"
EndProject
Project("{9A19103F-16F7-4668-BE54-9A1E7A4F7556}") = "TrialApp.Services", "TrialApp.Services\TrialApp.Services.csproj", "{7CB06283-3A3E-4400-8311-7CF79FFB8F2E}"
EndProject
Project("{9A19103F-16F7-4668-BE54-9A1E7A4F7556}") = "TrialApp.DataAccess", "TrialApp.DataAccess\TrialApp.DataAccess.csproj", "{208D89B5-2FA1-483B-9840-4A485EF83B40}"
EndProject
Project("{9A19103F-16F7-4668-BE54-9A1E7A4F7556}") = "TrialApp.Entities", "TrialApp.Entities\TrialApp.Entities.csproj", "{5620FD10-9CDC-445A-85DC-BD22D5390DD0}"
EndProject
Project("{9A19103F-16F7-4668-BE54-9A1E7A4F7556}") = "Enza.DataAccess", "Enza.DataAccess\Enza.DataAccess.csproj", "{3887BABD-94F1-4993-9C1B-67D6640F728F}"
EndProject
Project("{9A19103F-16F7-4668-BE54-9A1E7A4F7556}") = "TrialApp.Common", "TrialApp.Common\TrialApp.Common.csproj", "{3E792ED4-CCED-40D3-868D-4988E22DCB8D}"
EndProject
Project("{9A19103F-16F7-4668-BE54-9A1E7A4F7556}") = "TrialApp.ServiceClient", "TrialApp.ServiceClient\TrialApp.ServiceClient.csproj", "{8588B800-91A6-45F2-8D50-B4754ED73109}"
EndProject
Project("{FAE04EC0-301F-11D3-BF4B-00C04F79EFBC}") = "UnitTestTrialApp", "UnitTestTrialApp\UnitTestTrialApp.csproj", "{E323EA51-1AC1-495B-AD64-93CD74CBE851}"
EndProject
Global
	GlobalSection(SolutionConfigurationPlatforms) = preSolution
		Ad-Hoc|Any CPU = Ad-Hoc|Any CPU
		Ad-Hoc|ARM = Ad-Hoc|ARM
		Ad-Hoc|iPhone = Ad-Hoc|iPhone
		Ad-Hoc|iPhoneSimulator = Ad-Hoc|iPhoneSimulator
		Ad-Hoc|x64 = Ad-Hoc|x64
		Ad-Hoc|x86 = Ad-Hoc|x86
		AppStore|Any CPU = AppStore|Any CPU
		AppStore|ARM = AppStore|ARM
		AppStore|iPhone = AppStore|iPhone
		AppStore|iPhoneSimulator = AppStore|iPhoneSimulator
		AppStore|x64 = AppStore|x64
		AppStore|x86 = AppStore|x86
		Debug|Any CPU = Debug|Any CPU
		Debug|ARM = Debug|ARM
		Debug|iPhone = Debug|iPhone
		Debug|iPhoneSimulator = Debug|iPhoneSimulator
		Debug|x64 = Debug|x64
		Debug|x86 = Debug|x86
		Release|Any CPU = Release|Any CPU
		Release|ARM = Release|ARM
		Release|iPhone = Release|iPhone
		Release|iPhoneSimulator = Release|iPhoneSimulator
		Release|x64 = Release|x64
		Release|x86 = Release|x86
	EndGlobalSection
	GlobalSection(ProjectConfigurationPlatforms) = postSolution
		{17780320-C1A3-43F9-B1F6-50B73CFC8A35}.Ad-Hoc|Any CPU.ActiveCfg = Release|x64
		{17780320-C1A3-43F9-B1F6-50B73CFC8A35}.Ad-Hoc|ARM.ActiveCfg = Release|ARM
		{17780320-C1A3-43F9-B1F6-50B73CFC8A35}.Ad-Hoc|iPhone.ActiveCfg = Release|x64
		{17780320-C1A3-43F9-B1F6-50B73CFC8A35}.Ad-Hoc|iPhoneSimulator.ActiveCfg = Release|x64
		{17780320-C1A3-43F9-B1F6-50B73CFC8A35}.Ad-Hoc|x64.ActiveCfg = Release|x64
		{17780320-C1A3-43F9-B1F6-50B73CFC8A35}.Ad-Hoc|x86.ActiveCfg = Release|x86
		{17780320-C1A3-43F9-B1F6-50B73CFC8A35}.AppStore|Any CPU.ActiveCfg = Release|x64
		{17780320-C1A3-43F9-B1F6-50B73CFC8A35}.AppStore|ARM.ActiveCfg = Release|ARM
		{17780320-C1A3-43F9-B1F6-50B73CFC8A35}.AppStore|iPhone.ActiveCfg = Release|x64
		{17780320-C1A3-43F9-B1F6-50B73CFC8A35}.AppStore|iPhoneSimulator.ActiveCfg = Release|x64
		{17780320-C1A3-43F9-B1F6-50B73CFC8A35}.AppStore|x64.ActiveCfg = Release|x64
		{17780320-C1A3-43F9-B1F6-50B73CFC8A35}.AppStore|x86.ActiveCfg = Release|x86
		{17780320-C1A3-43F9-B1F6-50B73CFC8A35}.Debug|Any CPU.ActiveCfg = Debug|x86
		{17780320-C1A3-43F9-B1F6-50B73CFC8A35}.Debug|Any CPU.Build.0 = Debug|x86
		{17780320-C1A3-43F9-B1F6-50B73CFC8A35}.Debug|Any CPU.Deploy.0 = Debug|x86
		{17780320-C1A3-43F9-B1F6-50B73CFC8A35}.Debug|ARM.ActiveCfg = Debug|ARM
		{17780320-C1A3-43F9-B1F6-50B73CFC8A35}.Debug|ARM.Build.0 = Debug|ARM
		{17780320-C1A3-43F9-B1F6-50B73CFC8A35}.Debug|ARM.Deploy.0 = Debug|ARM
		{17780320-C1A3-43F9-B1F6-50B73CFC8A35}.Debug|iPhone.ActiveCfg = Debug|x86
		{17780320-C1A3-43F9-B1F6-50B73CFC8A35}.Debug|iPhone.Build.0 = Debug|x86
		{17780320-C1A3-43F9-B1F6-50B73CFC8A35}.Debug|iPhone.Deploy.0 = Debug|x86
		{17780320-C1A3-43F9-B1F6-50B73CFC8A35}.Debug|iPhoneSimulator.ActiveCfg = Debug|x86
		{17780320-C1A3-43F9-B1F6-50B73CFC8A35}.Debug|iPhoneSimulator.Build.0 = Debug|x86
		{17780320-C1A3-43F9-B1F6-50B73CFC8A35}.Debug|iPhoneSimulator.Deploy.0 = Debug|x86
		{17780320-C1A3-43F9-B1F6-50B73CFC8A35}.Debug|x64.ActiveCfg = Debug|x64
		{17780320-C1A3-43F9-B1F6-50B73CFC8A35}.Debug|x64.Build.0 = Debug|x64
		{17780320-C1A3-43F9-B1F6-50B73CFC8A35}.Debug|x64.Deploy.0 = Debug|x64
		{17780320-C1A3-43F9-B1F6-50B73CFC8A35}.Debug|x86.ActiveCfg = Debug|x86
		{17780320-C1A3-43F9-B1F6-50B73CFC8A35}.Debug|x86.Build.0 = Debug|x86
		{17780320-C1A3-43F9-B1F6-50B73CFC8A35}.Debug|x86.Deploy.0 = Debug|x86
		{17780320-C1A3-43F9-B1F6-50B73CFC8A35}.Release|Any CPU.ActiveCfg = Release|x86
		{17780320-C1A3-43F9-B1F6-50B73CFC8A35}.Release|Any CPU.Build.0 = Release|x86
		{17780320-C1A3-43F9-B1F6-50B73CFC8A35}.Release|Any CPU.Deploy.0 = Release|x86
		{17780320-C1A3-43F9-B1F6-50B73CFC8A35}.Release|ARM.ActiveCfg = Release|ARM
		{17780320-C1A3-43F9-B1F6-50B73CFC8A35}.Release|ARM.Build.0 = Release|ARM
		{17780320-C1A3-43F9-B1F6-50B73CFC8A35}.Release|ARM.Deploy.0 = Release|ARM
		{17780320-C1A3-43F9-B1F6-50B73CFC8A35}.Release|iPhone.ActiveCfg = Release|x86
		{17780320-C1A3-43F9-B1F6-50B73CFC8A35}.Release|iPhone.Build.0 = Release|x86
		{17780320-C1A3-43F9-B1F6-50B73CFC8A35}.Release|iPhone.Deploy.0 = Release|x86
		{17780320-C1A3-43F9-B1F6-50B73CFC8A35}.Release|iPhoneSimulator.ActiveCfg = Release|x86
		{17780320-C1A3-43F9-B1F6-50B73CFC8A35}.Release|iPhoneSimulator.Build.0 = Release|x86
		{17780320-C1A3-43F9-B1F6-50B73CFC8A35}.Release|iPhoneSimulator.Deploy.0 = Release|x86
		{17780320-C1A3-43F9-B1F6-50B73CFC8A35}.Release|x64.ActiveCfg = Release|x64
		{17780320-C1A3-43F9-B1F6-50B73CFC8A35}.Release|x64.Build.0 = Release|x64
		{17780320-C1A3-43F9-B1F6-50B73CFC8A35}.Release|x64.Deploy.0 = Release|x64
		{17780320-C1A3-43F9-B1F6-50B73CFC8A35}.Release|x86.ActiveCfg = Release|x86
		{17780320-C1A3-43F9-B1F6-50B73CFC8A35}.Release|x86.Build.0 = Release|x86
		{17780320-C1A3-43F9-B1F6-50B73CFC8A35}.Release|x86.Deploy.0 = Release|x86
		{262E5049-74D0-40FE-8D4B-87EA4E84688F}.Ad-Hoc|Any CPU.ActiveCfg = Release|Any CPU
		{262E5049-74D0-40FE-8D4B-87EA4E84688F}.Ad-Hoc|Any CPU.Build.0 = Release|Any CPU
		{262E5049-74D0-40FE-8D4B-87EA4E84688F}.Ad-Hoc|Any CPU.Deploy.0 = Release|Any CPU
		{262E5049-74D0-40FE-8D4B-87EA4E84688F}.Ad-Hoc|ARM.ActiveCfg = Release|Any CPU
		{262E5049-74D0-40FE-8D4B-87EA4E84688F}.Ad-Hoc|ARM.Build.0 = Release|Any CPU
		{262E5049-74D0-40FE-8D4B-87EA4E84688F}.Ad-Hoc|ARM.Deploy.0 = Release|Any CPU
		{262E5049-74D0-40FE-8D4B-87EA4E84688F}.Ad-Hoc|iPhone.ActiveCfg = Release|Any CPU
		{262E5049-74D0-40FE-8D4B-87EA4E84688F}.Ad-Hoc|iPhone.Build.0 = Release|Any CPU
		{262E5049-74D0-40FE-8D4B-87EA4E84688F}.Ad-Hoc|iPhone.Deploy.0 = Release|Any CPU
		{262E5049-74D0-40FE-8D4B-87EA4E84688F}.Ad-Hoc|iPhoneSimulator.ActiveCfg = Release|Any CPU
		{262E5049-74D0-40FE-8D4B-87EA4E84688F}.Ad-Hoc|iPhoneSimulator.Build.0 = Release|Any CPU
		{262E5049-74D0-40FE-8D4B-87EA4E84688F}.Ad-Hoc|iPhoneSimulator.Deploy.0 = Release|Any CPU
		{262E5049-74D0-40FE-8D4B-87EA4E84688F}.Ad-Hoc|x64.ActiveCfg = Release|Any CPU
		{262E5049-74D0-40FE-8D4B-87EA4E84688F}.Ad-Hoc|x64.Build.0 = Release|Any CPU
		{262E5049-74D0-40FE-8D4B-87EA4E84688F}.Ad-Hoc|x64.Deploy.0 = Release|Any CPU
		{262E5049-74D0-40FE-8D4B-87EA4E84688F}.Ad-Hoc|x86.ActiveCfg = Release|Any CPU
		{262E5049-74D0-40FE-8D4B-87EA4E84688F}.Ad-Hoc|x86.Build.0 = Release|Any CPU
		{262E5049-74D0-40FE-8D4B-87EA4E84688F}.Ad-Hoc|x86.Deploy.0 = Release|Any CPU
		{262E5049-74D0-40FE-8D4B-87EA4E84688F}.AppStore|Any CPU.ActiveCfg = Release|Any CPU
		{262E5049-74D0-40FE-8D4B-87EA4E84688F}.AppStore|Any CPU.Build.0 = Release|Any CPU
		{262E5049-74D0-40FE-8D4B-87EA4E84688F}.AppStore|Any CPU.Deploy.0 = Release|Any CPU
		{262E5049-74D0-40FE-8D4B-87EA4E84688F}.AppStore|ARM.ActiveCfg = Release|Any CPU
		{262E5049-74D0-40FE-8D4B-87EA4E84688F}.AppStore|ARM.Build.0 = Release|Any CPU
		{262E5049-74D0-40FE-8D4B-87EA4E84688F}.AppStore|ARM.Deploy.0 = Release|Any CPU
		{262E5049-74D0-40FE-8D4B-87EA4E84688F}.AppStore|iPhone.ActiveCfg = Release|Any CPU
		{262E5049-74D0-40FE-8D4B-87EA4E84688F}.AppStore|iPhone.Build.0 = Release|Any CPU
		{262E5049-74D0-40FE-8D4B-87EA4E84688F}.AppStore|iPhone.Deploy.0 = Release|Any CPU
		{262E5049-74D0-40FE-8D4B-87EA4E84688F}.AppStore|iPhoneSimulator.ActiveCfg = Release|Any CPU
		{262E5049-74D0-40FE-8D4B-87EA4E84688F}.AppStore|iPhoneSimulator.Build.0 = Release|Any CPU
		{262E5049-74D0-40FE-8D4B-87EA4E84688F}.AppStore|iPhoneSimulator.Deploy.0 = Release|Any CPU
		{262E5049-74D0-40FE-8D4B-87EA4E84688F}.AppStore|x64.ActiveCfg = Release|Any CPU
		{262E5049-74D0-40FE-8D4B-87EA4E84688F}.AppStore|x64.Build.0 = Release|Any CPU
		{262E5049-74D0-40FE-8D4B-87EA4E84688F}.AppStore|x64.Deploy.0 = Release|Any CPU
		{262E5049-74D0-40FE-8D4B-87EA4E84688F}.AppStore|x86.ActiveCfg = Release|Any CPU
		{262E5049-74D0-40FE-8D4B-87EA4E84688F}.AppStore|x86.Build.0 = Release|Any CPU
		{262E5049-74D0-40FE-8D4B-87EA4E84688F}.AppStore|x86.Deploy.0 = Release|Any CPU
		{262E5049-74D0-40FE-8D4B-87EA4E84688F}.Debug|Any CPU.ActiveCfg = Debug|Any CPU
		{262E5049-74D0-40FE-8D4B-87EA4E84688F}.Debug|Any CPU.Build.0 = Debug|Any CPU
		{262E5049-74D0-40FE-8D4B-87EA4E84688F}.Debug|Any CPU.Deploy.0 = Debug|Any CPU
		{262E5049-74D0-40FE-8D4B-87EA4E84688F}.Debug|ARM.ActiveCfg = Debug|Any CPU
		{262E5049-74D0-40FE-8D4B-87EA4E84688F}.Debug|ARM.Build.0 = Debug|Any CPU
		{262E5049-74D0-40FE-8D4B-87EA4E84688F}.Debug|ARM.Deploy.0 = Debug|Any CPU
		{262E5049-74D0-40FE-8D4B-87EA4E84688F}.Debug|iPhone.ActiveCfg = Debug|Any CPU
		{262E5049-74D0-40FE-8D4B-87EA4E84688F}.Debug|iPhone.Build.0 = Debug|Any CPU
		{262E5049-74D0-40FE-8D4B-87EA4E84688F}.Debug|iPhone.Deploy.0 = Debug|Any CPU
		{262E5049-74D0-40FE-8D4B-87EA4E84688F}.Debug|iPhoneSimulator.ActiveCfg = Debug|Any CPU
		{262E5049-74D0-40FE-8D4B-87EA4E84688F}.Debug|iPhoneSimulator.Build.0 = Debug|Any CPU
		{262E5049-74D0-40FE-8D4B-87EA4E84688F}.Debug|iPhoneSimulator.Deploy.0 = Debug|Any CPU
		{262E5049-74D0-40FE-8D4B-87EA4E84688F}.Debug|x64.ActiveCfg = Debug|Any CPU
		{262E5049-74D0-40FE-8D4B-87EA4E84688F}.Debug|x64.Build.0 = Debug|Any CPU
		{262E5049-74D0-40FE-8D4B-87EA4E84688F}.Debug|x64.Deploy.0 = Debug|Any CPU
		{262E5049-74D0-40FE-8D4B-87EA4E84688F}.Debug|x86.ActiveCfg = Debug|Any CPU
		{262E5049-74D0-40FE-8D4B-87EA4E84688F}.Debug|x86.Build.0 = Debug|Any CPU
		{262E5049-74D0-40FE-8D4B-87EA4E84688F}.Debug|x86.Deploy.0 = Debug|Any CPU
		{262E5049-74D0-40FE-8D4B-87EA4E84688F}.Release|Any CPU.ActiveCfg = Release|Any CPU
		{262E5049-74D0-40FE-8D4B-87EA4E84688F}.Release|Any CPU.Build.0 = Release|Any CPU
		{262E5049-74D0-40FE-8D4B-87EA4E84688F}.Release|Any CPU.Deploy.0 = Release|Any CPU
		{262E5049-74D0-40FE-8D4B-87EA4E84688F}.Release|ARM.ActiveCfg = Release|Any CPU
		{262E5049-74D0-40FE-8D4B-87EA4E84688F}.Release|ARM.Build.0 = Release|Any CPU
		{262E5049-74D0-40FE-8D4B-87EA4E84688F}.Release|ARM.Deploy.0 = Release|Any CPU
		{262E5049-74D0-40FE-8D4B-87EA4E84688F}.Release|iPhone.ActiveCfg = Release|Any CPU
		{262E5049-74D0-40FE-8D4B-87EA4E84688F}.Release|iPhone.Build.0 = Release|Any CPU
		{262E5049-74D0-40FE-8D4B-87EA4E84688F}.Release|iPhone.Deploy.0 = Release|Any CPU
		{262E5049-74D0-40FE-8D4B-87EA4E84688F}.Release|iPhoneSimulator.ActiveCfg = Release|Any CPU
		{262E5049-74D0-40FE-8D4B-87EA4E84688F}.Release|iPhoneSimulator.Build.0 = Release|Any CPU
		{262E5049-74D0-40FE-8D4B-87EA4E84688F}.Release|iPhoneSimulator.Deploy.0 = Release|Any CPU
		{262E5049-74D0-40FE-8D4B-87EA4E84688F}.Release|x64.ActiveCfg = Release|Any CPU
		{262E5049-74D0-40FE-8D4B-87EA4E84688F}.Release|x64.Build.0 = Release|Any CPU
		{262E5049-74D0-40FE-8D4B-87EA4E84688F}.Release|x64.Deploy.0 = Release|Any CPU
		{262E5049-74D0-40FE-8D4B-87EA4E84688F}.Release|x86.ActiveCfg = Release|Any CPU
		{262E5049-74D0-40FE-8D4B-87EA4E84688F}.Release|x86.Build.0 = Release|Any CPU
		{262E5049-74D0-40FE-8D4B-87EA4E84688F}.Release|x86.Deploy.0 = Release|Any CPU
		{9731E415-18D1-49F0-89CA-1F366E12D7F0}.Ad-Hoc|Any CPU.ActiveCfg = Release|iPhoneSimulator
		{9731E415-18D1-49F0-89CA-1F366E12D7F0}.Ad-Hoc|Any CPU.Build.0 = Release|iPhoneSimulator
		{9731E415-18D1-49F0-89CA-1F366E12D7F0}.Ad-Hoc|ARM.ActiveCfg = Release|iPhoneSimulator
		{9731E415-18D1-49F0-89CA-1F366E12D7F0}.Ad-Hoc|ARM.Build.0 = Release|iPhoneSimulator
		{9731E415-18D1-49F0-89CA-1F366E12D7F0}.Ad-Hoc|iPhone.ActiveCfg = Release|iPhone
		{9731E415-18D1-49F0-89CA-1F366E12D7F0}.Ad-Hoc|iPhone.Build.0 = Release|iPhone
		{9731E415-18D1-49F0-89CA-1F366E12D7F0}.Ad-Hoc|iPhoneSimulator.ActiveCfg = Release|iPhoneSimulator
		{9731E415-18D1-49F0-89CA-1F366E12D7F0}.Ad-Hoc|iPhoneSimulator.Build.0 = Release|iPhoneSimulator
		{9731E415-18D1-49F0-89CA-1F366E12D7F0}.Ad-Hoc|x64.ActiveCfg = Release|iPhoneSimulator
		{9731E415-18D1-49F0-89CA-1F366E12D7F0}.Ad-Hoc|x64.Build.0 = Release|iPhoneSimulator
		{9731E415-18D1-49F0-89CA-1F366E12D7F0}.Ad-Hoc|x86.ActiveCfg = Release|iPhoneSimulator
		{9731E415-18D1-49F0-89CA-1F366E12D7F0}.Ad-Hoc|x86.Build.0 = Release|iPhoneSimulator
		{9731E415-18D1-49F0-89CA-1F366E12D7F0}.AppStore|Any CPU.ActiveCfg = Release|iPhoneSimulator
		{9731E415-18D1-49F0-89CA-1F366E12D7F0}.AppStore|Any CPU.Build.0 = Release|iPhoneSimulator
		{9731E415-18D1-49F0-89CA-1F366E12D7F0}.AppStore|ARM.ActiveCfg = Release|iPhoneSimulator
		{9731E415-18D1-49F0-89CA-1F366E12D7F0}.AppStore|ARM.Build.0 = Release|iPhoneSimulator
		{9731E415-18D1-49F0-89CA-1F366E12D7F0}.AppStore|iPhone.ActiveCfg = Release|iPhone
		{9731E415-18D1-49F0-89CA-1F366E12D7F0}.AppStore|iPhone.Build.0 = Release|iPhone
		{9731E415-18D1-49F0-89CA-1F366E12D7F0}.AppStore|iPhoneSimulator.ActiveCfg = Release|iPhoneSimulator
		{9731E415-18D1-49F0-89CA-1F366E12D7F0}.AppStore|iPhoneSimulator.Build.0 = Release|iPhoneSimulator
		{9731E415-18D1-49F0-89CA-1F366E12D7F0}.AppStore|x64.ActiveCfg = Release|iPhoneSimulator
		{9731E415-18D1-49F0-89CA-1F366E12D7F0}.AppStore|x64.Build.0 = Release|iPhoneSimulator
		{9731E415-18D1-49F0-89CA-1F366E12D7F0}.AppStore|x86.ActiveCfg = Release|iPhoneSimulator
		{9731E415-18D1-49F0-89CA-1F366E12D7F0}.AppStore|x86.Build.0 = Release|iPhoneSimulator
		{9731E415-18D1-49F0-89CA-1F366E12D7F0}.Debug|Any CPU.ActiveCfg = Debug|iPhone
		{9731E415-18D1-49F0-89CA-1F366E12D7F0}.Debug|Any CPU.Build.0 = Debug|iPhone
		{9731E415-18D1-49F0-89CA-1F366E12D7F0}.Debug|Any CPU.Deploy.0 = Debug|iPhone
		{9731E415-18D1-49F0-89CA-1F366E12D7F0}.Debug|ARM.ActiveCfg = Debug|iPhoneSimulator
		{9731E415-18D1-49F0-89CA-1F366E12D7F0}.Debug|ARM.Build.0 = Debug|iPhoneSimulator
		{9731E415-18D1-49F0-89CA-1F366E12D7F0}.Debug|ARM.Deploy.0 = Debug|iPhoneSimulator
		{9731E415-18D1-49F0-89CA-1F366E12D7F0}.Debug|iPhone.ActiveCfg = Debug|iPhone
		{9731E415-18D1-49F0-89CA-1F366E12D7F0}.Debug|iPhone.Build.0 = Debug|iPhone
		{9731E415-18D1-49F0-89CA-1F366E12D7F0}.Debug|iPhone.Deploy.0 = Debug|iPhone
		{9731E415-18D1-49F0-89CA-1F366E12D7F0}.Debug|iPhoneSimulator.ActiveCfg = Debug|iPhoneSimulator
		{9731E415-18D1-49F0-89CA-1F366E12D7F0}.Debug|iPhoneSimulator.Build.0 = Debug|iPhoneSimulator
		{9731E415-18D1-49F0-89CA-1F366E12D7F0}.Debug|iPhoneSimulator.Deploy.0 = Debug|iPhoneSimulator
		{9731E415-18D1-49F0-89CA-1F366E12D7F0}.Debug|x64.ActiveCfg = Debug|iPhone
		{9731E415-18D1-49F0-89CA-1F366E12D7F0}.Debug|x64.Build.0 = Debug|iPhone
		{9731E415-18D1-49F0-89CA-1F366E12D7F0}.Debug|x64.Deploy.0 = Debug|iPhone
		{9731E415-18D1-49F0-89CA-1F366E12D7F0}.Debug|x86.ActiveCfg = Debug|iPhone
		{9731E415-18D1-49F0-89CA-1F366E12D7F0}.Debug|x86.Build.0 = Debug|iPhone
		{9731E415-18D1-49F0-89CA-1F366E12D7F0}.Debug|x86.Deploy.0 = Debug|iPhone
		{9731E415-18D1-49F0-89CA-1F366E12D7F0}.Release|Any CPU.ActiveCfg = Release|iPhone
		{9731E415-18D1-49F0-89CA-1F366E12D7F0}.Release|Any CPU.Build.0 = Release|iPhone
		{9731E415-18D1-49F0-89CA-1F366E12D7F0}.Release|Any CPU.Deploy.0 = Release|iPhone
		{9731E415-18D1-49F0-89CA-1F366E12D7F0}.Release|ARM.ActiveCfg = Release|iPhone
		{9731E415-18D1-49F0-89CA-1F366E12D7F0}.Release|ARM.Build.0 = Release|iPhone
		{9731E415-18D1-49F0-89CA-1F366E12D7F0}.Release|ARM.Deploy.0 = Release|iPhone
		{9731E415-18D1-49F0-89CA-1F366E12D7F0}.Release|iPhone.ActiveCfg = Release|iPhone
		{9731E415-18D1-49F0-89CA-1F366E12D7F0}.Release|iPhone.Build.0 = Release|iPhone
		{9731E415-18D1-49F0-89CA-1F366E12D7F0}.Release|iPhone.Deploy.0 = Release|iPhone
		{9731E415-18D1-49F0-89CA-1F366E12D7F0}.Release|iPhoneSimulator.ActiveCfg = Release|iPhoneSimulator
		{9731E415-18D1-49F0-89CA-1F366E12D7F0}.Release|iPhoneSimulator.Build.0 = Release|iPhoneSimulator
		{9731E415-18D1-49F0-89CA-1F366E12D7F0}.Release|iPhoneSimulator.Deploy.0 = Release|iPhoneSimulator
		{9731E415-18D1-49F0-89CA-1F366E12D7F0}.Release|x64.ActiveCfg = Release|iPhone
		{9731E415-18D1-49F0-89CA-1F366E12D7F0}.Release|x64.Build.0 = Release|iPhone
		{9731E415-18D1-49F0-89CA-1F366E12D7F0}.Release|x64.Deploy.0 = Release|iPhone
		{9731E415-18D1-49F0-89CA-1F366E12D7F0}.Release|x86.ActiveCfg = Release|iPhone
		{9731E415-18D1-49F0-89CA-1F366E12D7F0}.Release|x86.Build.0 = Release|iPhone
		{9731E415-18D1-49F0-89CA-1F366E12D7F0}.Release|x86.Deploy.0 = Release|iPhone
		{98E61AAB-CD4E-4A41-B64F-B709A3C56474}.Ad-Hoc|Any CPU.ActiveCfg = Release|Any CPU
		{98E61AAB-CD4E-4A41-B64F-B709A3C56474}.Ad-Hoc|Any CPU.Build.0 = Release|Any CPU
		{98E61AAB-CD4E-4A41-B64F-B709A3C56474}.Ad-Hoc|ARM.ActiveCfg = Release|Any CPU
		{98E61AAB-CD4E-4A41-B64F-B709A3C56474}.Ad-Hoc|ARM.Build.0 = Release|Any CPU
		{98E61AAB-CD4E-4A41-B64F-B709A3C56474}.Ad-Hoc|iPhone.ActiveCfg = Release|Any CPU
		{98E61AAB-CD4E-4A41-B64F-B709A3C56474}.Ad-Hoc|iPhone.Build.0 = Release|Any CPU
		{98E61AAB-CD4E-4A41-B64F-B709A3C56474}.Ad-Hoc|iPhoneSimulator.ActiveCfg = Release|Any CPU
		{98E61AAB-CD4E-4A41-B64F-B709A3C56474}.Ad-Hoc|iPhoneSimulator.Build.0 = Release|Any CPU
		{98E61AAB-CD4E-4A41-B64F-B709A3C56474}.Ad-Hoc|x64.ActiveCfg = Release|Any CPU
		{98E61AAB-CD4E-4A41-B64F-B709A3C56474}.Ad-Hoc|x64.Build.0 = Release|Any CPU
		{98E61AAB-CD4E-4A41-B64F-B709A3C56474}.Ad-Hoc|x86.ActiveCfg = Release|Any CPU
		{98E61AAB-CD4E-4A41-B64F-B709A3C56474}.Ad-Hoc|x86.Build.0 = Release|Any CPU
		{98E61AAB-CD4E-4A41-B64F-B709A3C56474}.AppStore|Any CPU.ActiveCfg = Release|Any CPU
		{98E61AAB-CD4E-4A41-B64F-B709A3C56474}.AppStore|Any CPU.Build.0 = Release|Any CPU
		{98E61AAB-CD4E-4A41-B64F-B709A3C56474}.AppStore|ARM.ActiveCfg = Release|Any CPU
		{98E61AAB-CD4E-4A41-B64F-B709A3C56474}.AppStore|ARM.Build.0 = Release|Any CPU
		{98E61AAB-CD4E-4A41-B64F-B709A3C56474}.AppStore|iPhone.ActiveCfg = Release|Any CPU
		{98E61AAB-CD4E-4A41-B64F-B709A3C56474}.AppStore|iPhone.Build.0 = Release|Any CPU
		{98E61AAB-CD4E-4A41-B64F-B709A3C56474}.AppStore|iPhoneSimulator.ActiveCfg = Release|Any CPU
		{98E61AAB-CD4E-4A41-B64F-B709A3C56474}.AppStore|iPhoneSimulator.Build.0 = Release|Any CPU
		{98E61AAB-CD4E-4A41-B64F-B709A3C56474}.AppStore|x64.ActiveCfg = Release|Any CPU
		{98E61AAB-CD4E-4A41-B64F-B709A3C56474}.AppStore|x64.Build.0 = Release|Any CPU
		{98E61AAB-CD4E-4A41-B64F-B709A3C56474}.AppStore|x86.ActiveCfg = Release|Any CPU
		{98E61AAB-CD4E-4A41-B64F-B709A3C56474}.AppStore|x86.Build.0 = Release|Any CPU
		{98E61AAB-CD4E-4A41-B64F-B709A3C56474}.Debug|Any CPU.ActiveCfg = Debug|Any CPU
		{98E61AAB-CD4E-4A41-B64F-B709A3C56474}.Debug|Any CPU.Build.0 = Debug|Any CPU
		{98E61AAB-CD4E-4A41-B64F-B709A3C56474}.Debug|Any CPU.Deploy.0 = Debug|Any CPU
		{98E61AAB-CD4E-4A41-B64F-B709A3C56474}.Debug|ARM.ActiveCfg = Debug|Any CPU
		{98E61AAB-CD4E-4A41-B64F-B709A3C56474}.Debug|ARM.Build.0 = Debug|Any CPU
		{98E61AAB-CD4E-4A41-B64F-B709A3C56474}.Debug|ARM.Deploy.0 = Debug|Any CPU
		{98E61AAB-CD4E-4A41-B64F-B709A3C56474}.Debug|iPhone.ActiveCfg = Debug|Any CPU
		{98E61AAB-CD4E-4A41-B64F-B709A3C56474}.Debug|iPhone.Build.0 = Debug|Any CPU
		{98E61AAB-CD4E-4A41-B64F-B709A3C56474}.Debug|iPhone.Deploy.0 = Debug|Any CPU
		{98E61AAB-CD4E-4A41-B64F-B709A3C56474}.Debug|iPhoneSimulator.ActiveCfg = Debug|Any CPU
		{98E61AAB-CD4E-4A41-B64F-B709A3C56474}.Debug|iPhoneSimulator.Build.0 = Debug|Any CPU
		{98E61AAB-CD4E-4A41-B64F-B709A3C56474}.Debug|iPhoneSimulator.Deploy.0 = Debug|Any CPU
		{98E61AAB-CD4E-4A41-B64F-B709A3C56474}.Debug|x64.ActiveCfg = Debug|Any CPU
		{98E61AAB-CD4E-4A41-B64F-B709A3C56474}.Debug|x64.Build.0 = Debug|Any CPU
		{98E61AAB-CD4E-4A41-B64F-B709A3C56474}.Debug|x64.Deploy.0 = Debug|Any CPU
		{98E61AAB-CD4E-4A41-B64F-B709A3C56474}.Debug|x86.ActiveCfg = Debug|Any CPU
		{98E61AAB-CD4E-4A41-B64F-B709A3C56474}.Debug|x86.Build.0 = Debug|Any CPU
		{98E61AAB-CD4E-4A41-B64F-B709A3C56474}.Debug|x86.Deploy.0 = Debug|Any CPU
		{98E61AAB-CD4E-4A41-B64F-B709A3C56474}.Release|Any CPU.ActiveCfg = Release|Any CPU
		{98E61AAB-CD4E-4A41-B64F-B709A3C56474}.Release|Any CPU.Build.0 = Release|Any CPU
		{98E61AAB-CD4E-4A41-B64F-B709A3C56474}.Release|Any CPU.Deploy.0 = Release|Any CPU
		{98E61AAB-CD4E-4A41-B64F-B709A3C56474}.Release|ARM.ActiveCfg = Release|Any CPU
		{98E61AAB-CD4E-4A41-B64F-B709A3C56474}.Release|ARM.Build.0 = Release|Any CPU
		{98E61AAB-CD4E-4A41-B64F-B709A3C56474}.Release|ARM.Deploy.0 = Release|Any CPU
		{98E61AAB-CD4E-4A41-B64F-B709A3C56474}.Release|iPhone.ActiveCfg = Release|Any CPU
		{98E61AAB-CD4E-4A41-B64F-B709A3C56474}.Release|iPhone.Build.0 = Release|Any CPU
		{98E61AAB-CD4E-4A41-B64F-B709A3C56474}.Release|iPhone.Deploy.0 = Release|Any CPU
		{98E61AAB-CD4E-4A41-B64F-B709A3C56474}.Release|iPhoneSimulator.ActiveCfg = Release|Any CPU
		{98E61AAB-CD4E-4A41-B64F-B709A3C56474}.Release|iPhoneSimulator.Build.0 = Release|Any CPU
		{98E61AAB-CD4E-4A41-B64F-B709A3C56474}.Release|iPhoneSimulator.Deploy.0 = Release|Any CPU
		{98E61AAB-CD4E-4A41-B64F-B709A3C56474}.Release|x64.ActiveCfg = Release|Any CPU
		{98E61AAB-CD4E-4A41-B64F-B709A3C56474}.Release|x64.Build.0 = Release|Any CPU
		{98E61AAB-CD4E-4A41-B64F-B709A3C56474}.Release|x64.Deploy.0 = Release|Any CPU
		{98E61AAB-CD4E-4A41-B64F-B709A3C56474}.Release|x86.ActiveCfg = Release|Any CPU
		{98E61AAB-CD4E-4A41-B64F-B709A3C56474}.Release|x86.Build.0 = Release|Any CPU
		{98E61AAB-CD4E-4A41-B64F-B709A3C56474}.Release|x86.Deploy.0 = Release|Any CPU
		{7CB06283-3A3E-4400-8311-7CF79FFB8F2E}.Ad-Hoc|Any CPU.ActiveCfg = Debug|Any CPU
		{7CB06283-3A3E-4400-8311-7CF79FFB8F2E}.Ad-Hoc|Any CPU.Build.0 = Debug|Any CPU
		{7CB06283-3A3E-4400-8311-7CF79FFB8F2E}.Ad-Hoc|ARM.ActiveCfg = Debug|Any CPU
		{7CB06283-3A3E-4400-8311-7CF79FFB8F2E}.Ad-Hoc|ARM.Build.0 = Debug|Any CPU
		{7CB06283-3A3E-4400-8311-7CF79FFB8F2E}.Ad-Hoc|iPhone.ActiveCfg = Debug|Any CPU
		{7CB06283-3A3E-4400-8311-7CF79FFB8F2E}.Ad-Hoc|iPhone.Build.0 = Debug|Any CPU
		{7CB06283-3A3E-4400-8311-7CF79FFB8F2E}.Ad-Hoc|iPhoneSimulator.ActiveCfg = Debug|Any CPU
		{7CB06283-3A3E-4400-8311-7CF79FFB8F2E}.Ad-Hoc|iPhoneSimulator.Build.0 = Debug|Any CPU
		{7CB06283-3A3E-4400-8311-7CF79FFB8F2E}.Ad-Hoc|x64.ActiveCfg = Debug|Any CPU
		{7CB06283-3A3E-4400-8311-7CF79FFB8F2E}.Ad-Hoc|x64.Build.0 = Debug|Any CPU
		{7CB06283-3A3E-4400-8311-7CF79FFB8F2E}.Ad-Hoc|x86.ActiveCfg = Debug|Any CPU
		{7CB06283-3A3E-4400-8311-7CF79FFB8F2E}.Ad-Hoc|x86.Build.0 = Debug|Any CPU
		{7CB06283-3A3E-4400-8311-7CF79FFB8F2E}.AppStore|Any CPU.ActiveCfg = Debug|Any CPU
		{7CB06283-3A3E-4400-8311-7CF79FFB8F2E}.AppStore|Any CPU.Build.0 = Debug|Any CPU
		{7CB06283-3A3E-4400-8311-7CF79FFB8F2E}.AppStore|ARM.ActiveCfg = Debug|Any CPU
		{7CB06283-3A3E-4400-8311-7CF79FFB8F2E}.AppStore|ARM.Build.0 = Debug|Any CPU
		{7CB06283-3A3E-4400-8311-7CF79FFB8F2E}.AppStore|iPhone.ActiveCfg = Debug|Any CPU
		{7CB06283-3A3E-4400-8311-7CF79FFB8F2E}.AppStore|iPhone.Build.0 = Debug|Any CPU
		{7CB06283-3A3E-4400-8311-7CF79FFB8F2E}.AppStore|iPhoneSimulator.ActiveCfg = Debug|Any CPU
		{7CB06283-3A3E-4400-8311-7CF79FFB8F2E}.AppStore|iPhoneSimulator.Build.0 = Debug|Any CPU
		{7CB06283-3A3E-4400-8311-7CF79FFB8F2E}.AppStore|x64.ActiveCfg = Debug|Any CPU
		{7CB06283-3A3E-4400-8311-7CF79FFB8F2E}.AppStore|x64.Build.0 = Debug|Any CPU
		{7CB06283-3A3E-4400-8311-7CF79FFB8F2E}.AppStore|x86.ActiveCfg = Debug|Any CPU
		{7CB06283-3A3E-4400-8311-7CF79FFB8F2E}.AppStore|x86.Build.0 = Debug|Any CPU
		{7CB06283-3A3E-4400-8311-7CF79FFB8F2E}.Debug|Any CPU.ActiveCfg = Debug|Any CPU
		{7CB06283-3A3E-4400-8311-7CF79FFB8F2E}.Debug|Any CPU.Build.0 = Debug|Any CPU
		{7CB06283-3A3E-4400-8311-7CF79FFB8F2E}.Debug|ARM.ActiveCfg = Debug|Any CPU
		{7CB06283-3A3E-4400-8311-7CF79FFB8F2E}.Debug|ARM.Build.0 = Debug|Any CPU
		{7CB06283-3A3E-4400-8311-7CF79FFB8F2E}.Debug|iPhone.ActiveCfg = Debug|Any CPU
		{7CB06283-3A3E-4400-8311-7CF79FFB8F2E}.Debug|iPhone.Build.0 = Debug|Any CPU
		{7CB06283-3A3E-4400-8311-7CF79FFB8F2E}.Debug|iPhoneSimulator.ActiveCfg = Debug|Any CPU
		{7CB06283-3A3E-4400-8311-7CF79FFB8F2E}.Debug|iPhoneSimulator.Build.0 = Debug|Any CPU
		{7CB06283-3A3E-4400-8311-7CF79FFB8F2E}.Debug|x64.ActiveCfg = Debug|Any CPU
		{7CB06283-3A3E-4400-8311-7CF79FFB8F2E}.Debug|x64.Build.0 = Debug|Any CPU
		{7CB06283-3A3E-4400-8311-7CF79FFB8F2E}.Debug|x86.ActiveCfg = Debug|Any CPU
		{7CB06283-3A3E-4400-8311-7CF79FFB8F2E}.Debug|x86.Build.0 = Debug|Any CPU
		{7CB06283-3A3E-4400-8311-7CF79FFB8F2E}.Release|Any CPU.ActiveCfg = Release|Any CPU
		{7CB06283-3A3E-4400-8311-7CF79FFB8F2E}.Release|Any CPU.Build.0 = Release|Any CPU
		{7CB06283-3A3E-4400-8311-7CF79FFB8F2E}.Release|ARM.ActiveCfg = Release|Any CPU
		{7CB06283-3A3E-4400-8311-7CF79FFB8F2E}.Release|ARM.Build.0 = Release|Any CPU
		{7CB06283-3A3E-4400-8311-7CF79FFB8F2E}.Release|iPhone.ActiveCfg = Release|Any CPU
		{7CB06283-3A3E-4400-8311-7CF79FFB8F2E}.Release|iPhone.Build.0 = Release|Any CPU
		{7CB06283-3A3E-4400-8311-7CF79FFB8F2E}.Release|iPhoneSimulator.ActiveCfg = Release|Any CPU
		{7CB06283-3A3E-4400-8311-7CF79FFB8F2E}.Release|iPhoneSimulator.Build.0 = Release|Any CPU
		{7CB06283-3A3E-4400-8311-7CF79FFB8F2E}.Release|x64.ActiveCfg = Release|Any CPU
		{7CB06283-3A3E-4400-8311-7CF79FFB8F2E}.Release|x64.Build.0 = Release|Any CPU
		{7CB06283-3A3E-4400-8311-7CF79FFB8F2E}.Release|x86.ActiveCfg = Release|Any CPU
		{7CB06283-3A3E-4400-8311-7CF79FFB8F2E}.Release|x86.Build.0 = Release|Any CPU
		{208D89B5-2FA1-483B-9840-4A485EF83B40}.Ad-Hoc|Any CPU.ActiveCfg = Debug|Any CPU
		{208D89B5-2FA1-483B-9840-4A485EF83B40}.Ad-Hoc|Any CPU.Build.0 = Debug|Any CPU
		{208D89B5-2FA1-483B-9840-4A485EF83B40}.Ad-Hoc|ARM.ActiveCfg = Debug|Any CPU
		{208D89B5-2FA1-483B-9840-4A485EF83B40}.Ad-Hoc|ARM.Build.0 = Debug|Any CPU
		{208D89B5-2FA1-483B-9840-4A485EF83B40}.Ad-Hoc|iPhone.ActiveCfg = Debug|Any CPU
		{208D89B5-2FA1-483B-9840-4A485EF83B40}.Ad-Hoc|iPhone.Build.0 = Debug|Any CPU
		{208D89B5-2FA1-483B-9840-4A485EF83B40}.Ad-Hoc|iPhoneSimulator.ActiveCfg = Debug|Any CPU
		{208D89B5-2FA1-483B-9840-4A485EF83B40}.Ad-Hoc|iPhoneSimulator.Build.0 = Debug|Any CPU
		{208D89B5-2FA1-483B-9840-4A485EF83B40}.Ad-Hoc|x64.ActiveCfg = Debug|Any CPU
		{208D89B5-2FA1-483B-9840-4A485EF83B40}.Ad-Hoc|x64.Build.0 = Debug|Any CPU
		{208D89B5-2FA1-483B-9840-4A485EF83B40}.Ad-Hoc|x86.ActiveCfg = Debug|Any CPU
		{208D89B5-2FA1-483B-9840-4A485EF83B40}.Ad-Hoc|x86.Build.0 = Debug|Any CPU
		{208D89B5-2FA1-483B-9840-4A485EF83B40}.AppStore|Any CPU.ActiveCfg = Debug|Any CPU
		{208D89B5-2FA1-483B-9840-4A485EF83B40}.AppStore|Any CPU.Build.0 = Debug|Any CPU
		{208D89B5-2FA1-483B-9840-4A485EF83B40}.AppStore|ARM.ActiveCfg = Debug|Any CPU
		{208D89B5-2FA1-483B-9840-4A485EF83B40}.AppStore|ARM.Build.0 = Debug|Any CPU
		{208D89B5-2FA1-483B-9840-4A485EF83B40}.AppStore|iPhone.ActiveCfg = Debug|Any CPU
		{208D89B5-2FA1-483B-9840-4A485EF83B40}.AppStore|iPhone.Build.0 = Debug|Any CPU
		{208D89B5-2FA1-483B-9840-4A485EF83B40}.AppStore|iPhoneSimulator.ActiveCfg = Debug|Any CPU
		{208D89B5-2FA1-483B-9840-4A485EF83B40}.AppStore|iPhoneSimulator.Build.0 = Debug|Any CPU
		{208D89B5-2FA1-483B-9840-4A485EF83B40}.AppStore|x64.ActiveCfg = Debug|Any CPU
		{208D89B5-2FA1-483B-9840-4A485EF83B40}.AppStore|x64.Build.0 = Debug|Any CPU
		{208D89B5-2FA1-483B-9840-4A485EF83B40}.AppStore|x86.ActiveCfg = Debug|Any CPU
		{208D89B5-2FA1-483B-9840-4A485EF83B40}.AppStore|x86.Build.0 = Debug|Any CPU
		{208D89B5-2FA1-483B-9840-4A485EF83B40}.Debug|Any CPU.ActiveCfg = Debug|Any CPU
		{208D89B5-2FA1-483B-9840-4A485EF83B40}.Debug|Any CPU.Build.0 = Debug|Any CPU
		{208D89B5-2FA1-483B-9840-4A485EF83B40}.Debug|ARM.ActiveCfg = Debug|Any CPU
		{208D89B5-2FA1-483B-9840-4A485EF83B40}.Debug|ARM.Build.0 = Debug|Any CPU
		{208D89B5-2FA1-483B-9840-4A485EF83B40}.Debug|iPhone.ActiveCfg = Debug|Any CPU
		{208D89B5-2FA1-483B-9840-4A485EF83B40}.Debug|iPhone.Build.0 = Debug|Any CPU
		{208D89B5-2FA1-483B-9840-4A485EF83B40}.Debug|iPhoneSimulator.ActiveCfg = Debug|Any CPU
		{208D89B5-2FA1-483B-9840-4A485EF83B40}.Debug|iPhoneSimulator.Build.0 = Debug|Any CPU
		{208D89B5-2FA1-483B-9840-4A485EF83B40}.Debug|x64.ActiveCfg = Debug|Any CPU
		{208D89B5-2FA1-483B-9840-4A485EF83B40}.Debug|x64.Build.0 = Debug|Any CPU
		{208D89B5-2FA1-483B-9840-4A485EF83B40}.Debug|x86.ActiveCfg = Debug|Any CPU
		{208D89B5-2FA1-483B-9840-4A485EF83B40}.Debug|x86.Build.0 = Debug|Any CPU
		{208D89B5-2FA1-483B-9840-4A485EF83B40}.Release|Any CPU.ActiveCfg = Release|Any CPU
		{208D89B5-2FA1-483B-9840-4A485EF83B40}.Release|Any CPU.Build.0 = Release|Any CPU
		{208D89B5-2FA1-483B-9840-4A485EF83B40}.Release|ARM.ActiveCfg = Release|Any CPU
		{208D89B5-2FA1-483B-9840-4A485EF83B40}.Release|ARM.Build.0 = Release|Any CPU
		{208D89B5-2FA1-483B-9840-4A485EF83B40}.Release|iPhone.ActiveCfg = Release|Any CPU
		{208D89B5-2FA1-483B-9840-4A485EF83B40}.Release|iPhone.Build.0 = Release|Any CPU
		{208D89B5-2FA1-483B-9840-4A485EF83B40}.Release|iPhoneSimulator.ActiveCfg = Release|Any CPU
		{208D89B5-2FA1-483B-9840-4A485EF83B40}.Release|iPhoneSimulator.Build.0 = Release|Any CPU
		{208D89B5-2FA1-483B-9840-4A485EF83B40}.Release|x64.ActiveCfg = Release|Any CPU
		{208D89B5-2FA1-483B-9840-4A485EF83B40}.Release|x64.Build.0 = Release|Any CPU
		{208D89B5-2FA1-483B-9840-4A485EF83B40}.Release|x86.ActiveCfg = Release|Any CPU
		{208D89B5-2FA1-483B-9840-4A485EF83B40}.Release|x86.Build.0 = Release|Any CPU
		{5620FD10-9CDC-445A-85DC-BD22D5390DD0}.Ad-Hoc|Any CPU.ActiveCfg = Debug|Any CPU
		{5620FD10-9CDC-445A-85DC-BD22D5390DD0}.Ad-Hoc|Any CPU.Build.0 = Debug|Any CPU
		{5620FD10-9CDC-445A-85DC-BD22D5390DD0}.Ad-Hoc|ARM.ActiveCfg = Debug|Any CPU
		{5620FD10-9CDC-445A-85DC-BD22D5390DD0}.Ad-Hoc|ARM.Build.0 = Debug|Any CPU
		{5620FD10-9CDC-445A-85DC-BD22D5390DD0}.Ad-Hoc|iPhone.ActiveCfg = Debug|Any CPU
		{5620FD10-9CDC-445A-85DC-BD22D5390DD0}.Ad-Hoc|iPhone.Build.0 = Debug|Any CPU
		{5620FD10-9CDC-445A-85DC-BD22D5390DD0}.Ad-Hoc|iPhoneSimulator.ActiveCfg = Debug|Any CPU
		{5620FD10-9CDC-445A-85DC-BD22D5390DD0}.Ad-Hoc|iPhoneSimulator.Build.0 = Debug|Any CPU
		{5620FD10-9CDC-445A-85DC-BD22D5390DD0}.Ad-Hoc|x64.ActiveCfg = Debug|Any CPU
		{5620FD10-9CDC-445A-85DC-BD22D5390DD0}.Ad-Hoc|x64.Build.0 = Debug|Any CPU
		{5620FD10-9CDC-445A-85DC-BD22D5390DD0}.Ad-Hoc|x86.ActiveCfg = Debug|Any CPU
		{5620FD10-9CDC-445A-85DC-BD22D5390DD0}.Ad-Hoc|x86.Build.0 = Debug|Any CPU
		{5620FD10-9CDC-445A-85DC-BD22D5390DD0}.AppStore|Any CPU.ActiveCfg = Debug|Any CPU
		{5620FD10-9CDC-445A-85DC-BD22D5390DD0}.AppStore|Any CPU.Build.0 = Debug|Any CPU
		{5620FD10-9CDC-445A-85DC-BD22D5390DD0}.AppStore|ARM.ActiveCfg = Debug|Any CPU
		{5620FD10-9CDC-445A-85DC-BD22D5390DD0}.AppStore|ARM.Build.0 = Debug|Any CPU
		{5620FD10-9CDC-445A-85DC-BD22D5390DD0}.AppStore|iPhone.ActiveCfg = Debug|Any CPU
		{5620FD10-9CDC-445A-85DC-BD22D5390DD0}.AppStore|iPhone.Build.0 = Debug|Any CPU
		{5620FD10-9CDC-445A-85DC-BD22D5390DD0}.AppStore|iPhoneSimulator.ActiveCfg = Debug|Any CPU
		{5620FD10-9CDC-445A-85DC-BD22D5390DD0}.AppStore|iPhoneSimulator.Build.0 = Debug|Any CPU
		{5620FD10-9CDC-445A-85DC-BD22D5390DD0}.AppStore|x64.ActiveCfg = Debug|Any CPU
		{5620FD10-9CDC-445A-85DC-BD22D5390DD0}.AppStore|x64.Build.0 = Debug|Any CPU
		{5620FD10-9CDC-445A-85DC-BD22D5390DD0}.AppStore|x86.ActiveCfg = Debug|Any CPU
		{5620FD10-9CDC-445A-85DC-BD22D5390DD0}.AppStore|x86.Build.0 = Debug|Any CPU
		{5620FD10-9CDC-445A-85DC-BD22D5390DD0}.Debug|Any CPU.ActiveCfg = Debug|Any CPU
		{5620FD10-9CDC-445A-85DC-BD22D5390DD0}.Debug|Any CPU.Build.0 = Debug|Any CPU
		{5620FD10-9CDC-445A-85DC-BD22D5390DD0}.Debug|ARM.ActiveCfg = Debug|Any CPU
		{5620FD10-9CDC-445A-85DC-BD22D5390DD0}.Debug|ARM.Build.0 = Debug|Any CPU
		{5620FD10-9CDC-445A-85DC-BD22D5390DD0}.Debug|iPhone.ActiveCfg = Debug|Any CPU
		{5620FD10-9CDC-445A-85DC-BD22D5390DD0}.Debug|iPhone.Build.0 = Debug|Any CPU
		{5620FD10-9CDC-445A-85DC-BD22D5390DD0}.Debug|iPhoneSimulator.ActiveCfg = Debug|Any CPU
		{5620FD10-9CDC-445A-85DC-BD22D5390DD0}.Debug|iPhoneSimulator.Build.0 = Debug|Any CPU
		{5620FD10-9CDC-445A-85DC-BD22D5390DD0}.Debug|x64.ActiveCfg = Debug|Any CPU
		{5620FD10-9CDC-445A-85DC-BD22D5390DD0}.Debug|x64.Build.0 = Debug|Any CPU
		{5620FD10-9CDC-445A-85DC-BD22D5390DD0}.Debug|x86.ActiveCfg = Debug|Any CPU
		{5620FD10-9CDC-445A-85DC-BD22D5390DD0}.Debug|x86.Build.0 = Debug|Any CPU
		{5620FD10-9CDC-445A-85DC-BD22D5390DD0}.Release|Any CPU.ActiveCfg = Release|Any CPU
		{5620FD10-9CDC-445A-85DC-BD22D5390DD0}.Release|Any CPU.Build.0 = Release|Any CPU
		{5620FD10-9CDC-445A-85DC-BD22D5390DD0}.Release|ARM.ActiveCfg = Release|Any CPU
		{5620FD10-9CDC-445A-85DC-BD22D5390DD0}.Release|ARM.Build.0 = Release|Any CPU
		{5620FD10-9CDC-445A-85DC-BD22D5390DD0}.Release|iPhone.ActiveCfg = Release|Any CPU
		{5620FD10-9CDC-445A-85DC-BD22D5390DD0}.Release|iPhone.Build.0 = Release|Any CPU
		{5620FD10-9CDC-445A-85DC-BD22D5390DD0}.Release|iPhoneSimulator.ActiveCfg = Release|Any CPU
		{5620FD10-9CDC-445A-85DC-BD22D5390DD0}.Release|iPhoneSimulator.Build.0 = Release|Any CPU
		{5620FD10-9CDC-445A-85DC-BD22D5390DD0}.Release|x64.ActiveCfg = Release|Any CPU
		{5620FD10-9CDC-445A-85DC-BD22D5390DD0}.Release|x64.Build.0 = Release|Any CPU
		{5620FD10-9CDC-445A-85DC-BD22D5390DD0}.Release|x86.ActiveCfg = Release|Any CPU
		{5620FD10-9CDC-445A-85DC-BD22D5390DD0}.Release|x86.Build.0 = Release|Any CPU
		{3887BABD-94F1-4993-9C1B-67D6640F728F}.Ad-Hoc|Any CPU.ActiveCfg = Debug|Any CPU
		{3887BABD-94F1-4993-9C1B-67D6640F728F}.Ad-Hoc|Any CPU.Build.0 = Debug|Any CPU
		{3887BABD-94F1-4993-9C1B-67D6640F728F}.Ad-Hoc|ARM.ActiveCfg = Debug|Any CPU
		{3887BABD-94F1-4993-9C1B-67D6640F728F}.Ad-Hoc|ARM.Build.0 = Debug|Any CPU
		{3887BABD-94F1-4993-9C1B-67D6640F728F}.Ad-Hoc|iPhone.ActiveCfg = Debug|Any CPU
		{3887BABD-94F1-4993-9C1B-67D6640F728F}.Ad-Hoc|iPhone.Build.0 = Debug|Any CPU
		{3887BABD-94F1-4993-9C1B-67D6640F728F}.Ad-Hoc|iPhoneSimulator.ActiveCfg = Debug|Any CPU
		{3887BABD-94F1-4993-9C1B-67D6640F728F}.Ad-Hoc|iPhoneSimulator.Build.0 = Debug|Any CPU
		{3887BABD-94F1-4993-9C1B-67D6640F728F}.Ad-Hoc|x64.ActiveCfg = Debug|Any CPU
		{3887BABD-94F1-4993-9C1B-67D6640F728F}.Ad-Hoc|x64.Build.0 = Debug|Any CPU
		{3887BABD-94F1-4993-9C1B-67D6640F728F}.Ad-Hoc|x86.ActiveCfg = Debug|Any CPU
		{3887BABD-94F1-4993-9C1B-67D6640F728F}.Ad-Hoc|x86.Build.0 = Debug|Any CPU
		{3887BABD-94F1-4993-9C1B-67D6640F728F}.AppStore|Any CPU.ActiveCfg = Debug|Any CPU
		{3887BABD-94F1-4993-9C1B-67D6640F728F}.AppStore|Any CPU.Build.0 = Debug|Any CPU
		{3887BABD-94F1-4993-9C1B-67D6640F728F}.AppStore|ARM.ActiveCfg = Debug|Any CPU
		{3887BABD-94F1-4993-9C1B-67D6640F728F}.AppStore|ARM.Build.0 = Debug|Any CPU
		{3887BABD-94F1-4993-9C1B-67D6640F728F}.AppStore|iPhone.ActiveCfg = Debug|Any CPU
		{3887BABD-94F1-4993-9C1B-67D6640F728F}.AppStore|iPhone.Build.0 = Debug|Any CPU
		{3887BABD-94F1-4993-9C1B-67D6640F728F}.AppStore|iPhoneSimulator.ActiveCfg = Debug|Any CPU
		{3887BABD-94F1-4993-9C1B-67D6640F728F}.AppStore|iPhoneSimulator.Build.0 = Debug|Any CPU
		{3887BABD-94F1-4993-9C1B-67D6640F728F}.AppStore|x64.ActiveCfg = Debug|Any CPU
		{3887BABD-94F1-4993-9C1B-67D6640F728F}.AppStore|x64.Build.0 = Debug|Any CPU
		{3887BABD-94F1-4993-9C1B-67D6640F728F}.AppStore|x86.ActiveCfg = Debug|Any CPU
		{3887BABD-94F1-4993-9C1B-67D6640F728F}.AppStore|x86.Build.0 = Debug|Any CPU
		{3887BABD-94F1-4993-9C1B-67D6640F728F}.Debug|Any CPU.ActiveCfg = Debug|Any CPU
		{3887BABD-94F1-4993-9C1B-67D6640F728F}.Debug|Any CPU.Build.0 = Debug|Any CPU
		{3887BABD-94F1-4993-9C1B-67D6640F728F}.Debug|ARM.ActiveCfg = Debug|Any CPU
		{3887BABD-94F1-4993-9C1B-67D6640F728F}.Debug|ARM.Build.0 = Debug|Any CPU
		{3887BABD-94F1-4993-9C1B-67D6640F728F}.Debug|iPhone.ActiveCfg = Debug|Any CPU
		{3887BABD-94F1-4993-9C1B-67D6640F728F}.Debug|iPhone.Build.0 = Debug|Any CPU
		{3887BABD-94F1-4993-9C1B-67D6640F728F}.Debug|iPhoneSimulator.ActiveCfg = Debug|Any CPU
		{3887BABD-94F1-4993-9C1B-67D6640F728F}.Debug|iPhoneSimulator.Build.0 = Debug|Any CPU
		{3887BABD-94F1-4993-9C1B-67D6640F728F}.Debug|x64.ActiveCfg = Debug|Any CPU
		{3887BABD-94F1-4993-9C1B-67D6640F728F}.Debug|x64.Build.0 = Debug|Any CPU
		{3887BABD-94F1-4993-9C1B-67D6640F728F}.Debug|x86.ActiveCfg = Debug|Any CPU
		{3887BABD-94F1-4993-9C1B-67D6640F728F}.Debug|x86.Build.0 = Debug|Any CPU
		{3887BABD-94F1-4993-9C1B-67D6640F728F}.Release|Any CPU.ActiveCfg = Release|Any CPU
		{3887BABD-94F1-4993-9C1B-67D6640F728F}.Release|Any CPU.Build.0 = Release|Any CPU
		{3887BABD-94F1-4993-9C1B-67D6640F728F}.Release|ARM.ActiveCfg = Release|Any CPU
		{3887BABD-94F1-4993-9C1B-67D6640F728F}.Release|ARM.Build.0 = Release|Any CPU
		{3887BABD-94F1-4993-9C1B-67D6640F728F}.Release|iPhone.ActiveCfg = Release|Any CPU
		{3887BABD-94F1-4993-9C1B-67D6640F728F}.Release|iPhone.Build.0 = Release|Any CPU
		{3887BABD-94F1-4993-9C1B-67D6640F728F}.Release|iPhoneSimulator.ActiveCfg = Release|Any CPU
		{3887BABD-94F1-4993-9C1B-67D6640F728F}.Release|iPhoneSimulator.Build.0 = Release|Any CPU
		{3887BABD-94F1-4993-9C1B-67D6640F728F}.Release|x64.ActiveCfg = Release|Any CPU
		{3887BABD-94F1-4993-9C1B-67D6640F728F}.Release|x64.Build.0 = Release|Any CPU
		{3887BABD-94F1-4993-9C1B-67D6640F728F}.Release|x86.ActiveCfg = Release|Any CPU
		{3887BABD-94F1-4993-9C1B-67D6640F728F}.Release|x86.Build.0 = Release|Any CPU
		{3E792ED4-CCED-40D3-868D-4988E22DCB8D}.Ad-Hoc|Any CPU.ActiveCfg = Debug|Any CPU
		{3E792ED4-CCED-40D3-868D-4988E22DCB8D}.Ad-Hoc|Any CPU.Build.0 = Debug|Any CPU
		{3E792ED4-CCED-40D3-868D-4988E22DCB8D}.Ad-Hoc|ARM.ActiveCfg = Debug|Any CPU
		{3E792ED4-CCED-40D3-868D-4988E22DCB8D}.Ad-Hoc|ARM.Build.0 = Debug|Any CPU
		{3E792ED4-CCED-40D3-868D-4988E22DCB8D}.Ad-Hoc|iPhone.ActiveCfg = Debug|Any CPU
		{3E792ED4-CCED-40D3-868D-4988E22DCB8D}.Ad-Hoc|iPhone.Build.0 = Debug|Any CPU
		{3E792ED4-CCED-40D3-868D-4988E22DCB8D}.Ad-Hoc|iPhoneSimulator.ActiveCfg = Debug|Any CPU
		{3E792ED4-CCED-40D3-868D-4988E22DCB8D}.Ad-Hoc|iPhoneSimulator.Build.0 = Debug|Any CPU
		{3E792ED4-CCED-40D3-868D-4988E22DCB8D}.Ad-Hoc|x64.ActiveCfg = Debug|Any CPU
		{3E792ED4-CCED-40D3-868D-4988E22DCB8D}.Ad-Hoc|x64.Build.0 = Debug|Any CPU
		{3E792ED4-CCED-40D3-868D-4988E22DCB8D}.Ad-Hoc|x86.ActiveCfg = Debug|Any CPU
		{3E792ED4-CCED-40D3-868D-4988E22DCB8D}.Ad-Hoc|x86.Build.0 = Debug|Any CPU
		{3E792ED4-CCED-40D3-868D-4988E22DCB8D}.AppStore|Any CPU.ActiveCfg = Debug|Any CPU
		{3E792ED4-CCED-40D3-868D-4988E22DCB8D}.AppStore|Any CPU.Build.0 = Debug|Any CPU
		{3E792ED4-CCED-40D3-868D-4988E22DCB8D}.AppStore|ARM.ActiveCfg = Debug|Any CPU
		{3E792ED4-CCED-40D3-868D-4988E22DCB8D}.AppStore|ARM.Build.0 = Debug|Any CPU
		{3E792ED4-CCED-40D3-868D-4988E22DCB8D}.AppStore|iPhone.ActiveCfg = Debug|Any CPU
		{3E792ED4-CCED-40D3-868D-4988E22DCB8D}.AppStore|iPhone.Build.0 = Debug|Any CPU
		{3E792ED4-CCED-40D3-868D-4988E22DCB8D}.AppStore|iPhoneSimulator.ActiveCfg = Debug|Any CPU
		{3E792ED4-CCED-40D3-868D-4988E22DCB8D}.AppStore|iPhoneSimulator.Build.0 = Debug|Any CPU
		{3E792ED4-CCED-40D3-868D-4988E22DCB8D}.AppStore|x64.ActiveCfg = Debug|Any CPU
		{3E792ED4-CCED-40D3-868D-4988E22DCB8D}.AppStore|x64.Build.0 = Debug|Any CPU
		{3E792ED4-CCED-40D3-868D-4988E22DCB8D}.AppStore|x86.ActiveCfg = Debug|Any CPU
		{3E792ED4-CCED-40D3-868D-4988E22DCB8D}.AppStore|x86.Build.0 = Debug|Any CPU
		{3E792ED4-CCED-40D3-868D-4988E22DCB8D}.Debug|Any CPU.ActiveCfg = Debug|Any CPU
		{3E792ED4-CCED-40D3-868D-4988E22DCB8D}.Debug|Any CPU.Build.0 = Debug|Any CPU
		{3E792ED4-CCED-40D3-868D-4988E22DCB8D}.Debug|ARM.ActiveCfg = Debug|Any CPU
		{3E792ED4-CCED-40D3-868D-4988E22DCB8D}.Debug|ARM.Build.0 = Debug|Any CPU
		{3E792ED4-CCED-40D3-868D-4988E22DCB8D}.Debug|iPhone.ActiveCfg = Debug|Any CPU
		{3E792ED4-CCED-40D3-868D-4988E22DCB8D}.Debug|iPhone.Build.0 = Debug|Any CPU
		{3E792ED4-CCED-40D3-868D-4988E22DCB8D}.Debug|iPhoneSimulator.ActiveCfg = Debug|Any CPU
		{3E792ED4-CCED-40D3-868D-4988E22DCB8D}.Debug|iPhoneSimulator.Build.0 = Debug|Any CPU
		{3E792ED4-CCED-40D3-868D-4988E22DCB8D}.Debug|x64.ActiveCfg = Debug|Any CPU
		{3E792ED4-CCED-40D3-868D-4988E22DCB8D}.Debug|x64.Build.0 = Debug|Any CPU
		{3E792ED4-CCED-40D3-868D-4988E22DCB8D}.Debug|x86.ActiveCfg = Debug|Any CPU
		{3E792ED4-CCED-40D3-868D-4988E22DCB8D}.Debug|x86.Build.0 = Debug|Any CPU
		{3E792ED4-CCED-40D3-868D-4988E22DCB8D}.Release|Any CPU.ActiveCfg = Release|Any CPU
		{3E792ED4-CCED-40D3-868D-4988E22DCB8D}.Release|Any CPU.Build.0 = Release|Any CPU
		{3E792ED4-CCED-40D3-868D-4988E22DCB8D}.Release|ARM.ActiveCfg = Release|Any CPU
		{3E792ED4-CCED-40D3-868D-4988E22DCB8D}.Release|ARM.Build.0 = Release|Any CPU
		{3E792ED4-CCED-40D3-868D-4988E22DCB8D}.Release|iPhone.ActiveCfg = Release|Any CPU
		{3E792ED4-CCED-40D3-868D-4988E22DCB8D}.Release|iPhone.Build.0 = Release|Any CPU
		{3E792ED4-CCED-40D3-868D-4988E22DCB8D}.Release|iPhoneSimulator.ActiveCfg = Release|Any CPU
		{3E792ED4-CCED-40D3-868D-4988E22DCB8D}.Release|iPhoneSimulator.Build.0 = Release|Any CPU
		{3E792ED4-CCED-40D3-868D-4988E22DCB8D}.Release|x64.ActiveCfg = Release|Any CPU
		{3E792ED4-CCED-40D3-868D-4988E22DCB8D}.Release|x64.Build.0 = Release|Any CPU
		{3E792ED4-CCED-40D3-868D-4988E22DCB8D}.Release|x86.ActiveCfg = Release|Any CPU
		{3E792ED4-CCED-40D3-868D-4988E22DCB8D}.Release|x86.Build.0 = Release|Any CPU
		{8588B800-91A6-45F2-8D50-B4754ED73109}.Ad-Hoc|Any CPU.ActiveCfg = Debug|Any CPU
		{8588B800-91A6-45F2-8D50-B4754ED73109}.Ad-Hoc|Any CPU.Build.0 = Debug|Any CPU
		{8588B800-91A6-45F2-8D50-B4754ED73109}.Ad-Hoc|ARM.ActiveCfg = Debug|Any CPU
		{8588B800-91A6-45F2-8D50-B4754ED73109}.Ad-Hoc|ARM.Build.0 = Debug|Any CPU
		{8588B800-91A6-45F2-8D50-B4754ED73109}.Ad-Hoc|iPhone.ActiveCfg = Debug|Any CPU
		{8588B800-91A6-45F2-8D50-B4754ED73109}.Ad-Hoc|iPhone.Build.0 = Debug|Any CPU
		{8588B800-91A6-45F2-8D50-B4754ED73109}.Ad-Hoc|iPhoneSimulator.ActiveCfg = Debug|Any CPU
		{8588B800-91A6-45F2-8D50-B4754ED73109}.Ad-Hoc|iPhoneSimulator.Build.0 = Debug|Any CPU
		{8588B800-91A6-45F2-8D50-B4754ED73109}.Ad-Hoc|x64.ActiveCfg = Debug|Any CPU
		{8588B800-91A6-45F2-8D50-B4754ED73109}.Ad-Hoc|x64.Build.0 = Debug|Any CPU
		{8588B800-91A6-45F2-8D50-B4754ED73109}.Ad-Hoc|x86.ActiveCfg = Debug|Any CPU
		{8588B800-91A6-45F2-8D50-B4754ED73109}.Ad-Hoc|x86.Build.0 = Debug|Any CPU
		{8588B800-91A6-45F2-8D50-B4754ED73109}.AppStore|Any CPU.ActiveCfg = Debug|Any CPU
		{8588B800-91A6-45F2-8D50-B4754ED73109}.AppStore|Any CPU.Build.0 = Debug|Any CPU
		{8588B800-91A6-45F2-8D50-B4754ED73109}.AppStore|ARM.ActiveCfg = Debug|Any CPU
		{8588B800-91A6-45F2-8D50-B4754ED73109}.AppStore|ARM.Build.0 = Debug|Any CPU
		{8588B800-91A6-45F2-8D50-B4754ED73109}.AppStore|iPhone.ActiveCfg = Debug|Any CPU
		{8588B800-91A6-45F2-8D50-B4754ED73109}.AppStore|iPhone.Build.0 = Debug|Any CPU
		{8588B800-91A6-45F2-8D50-B4754ED73109}.AppStore|iPhoneSimulator.ActiveCfg = Debug|Any CPU
		{8588B800-91A6-45F2-8D50-B4754ED73109}.AppStore|iPhoneSimulator.Build.0 = Debug|Any CPU
		{8588B800-91A6-45F2-8D50-B4754ED73109}.AppStore|x64.ActiveCfg = Debug|Any CPU
		{8588B800-91A6-45F2-8D50-B4754ED73109}.AppStore|x64.Build.0 = Debug|Any CPU
		{8588B800-91A6-45F2-8D50-B4754ED73109}.AppStore|x86.ActiveCfg = Debug|Any CPU
		{8588B800-91A6-45F2-8D50-B4754ED73109}.AppStore|x86.Build.0 = Debug|Any CPU
		{8588B800-91A6-45F2-8D50-B4754ED73109}.Debug|Any CPU.ActiveCfg = Debug|Any CPU
		{8588B800-91A6-45F2-8D50-B4754ED73109}.Debug|Any CPU.Build.0 = Debug|Any CPU
		{8588B800-91A6-45F2-8D50-B4754ED73109}.Debug|ARM.ActiveCfg = Debug|Any CPU
		{8588B800-91A6-45F2-8D50-B4754ED73109}.Debug|ARM.Build.0 = Debug|Any CPU
		{8588B800-91A6-45F2-8D50-B4754ED73109}.Debug|iPhone.ActiveCfg = Debug|Any CPU
		{8588B800-91A6-45F2-8D50-B4754ED73109}.Debug|iPhone.Build.0 = Debug|Any CPU
		{8588B800-91A6-45F2-8D50-B4754ED73109}.Debug|iPhoneSimulator.ActiveCfg = Debug|Any CPU
		{8588B800-91A6-45F2-8D50-B4754ED73109}.Debug|iPhoneSimulator.Build.0 = Debug|Any CPU
		{8588B800-91A6-45F2-8D50-B4754ED73109}.Debug|x64.ActiveCfg = Debug|Any CPU
		{8588B800-91A6-45F2-8D50-B4754ED73109}.Debug|x64.Build.0 = Debug|Any CPU
		{8588B800-91A6-45F2-8D50-B4754ED73109}.Debug|x86.ActiveCfg = Debug|Any CPU
		{8588B800-91A6-45F2-8D50-B4754ED73109}.Debug|x86.Build.0 = Debug|Any CPU
		{8588B800-91A6-45F2-8D50-B4754ED73109}.Release|Any CPU.ActiveCfg = Release|Any CPU
		{8588B800-91A6-45F2-8D50-B4754ED73109}.Release|Any CPU.Build.0 = Release|Any CPU
		{8588B800-91A6-45F2-8D50-B4754ED73109}.Release|ARM.ActiveCfg = Release|Any CPU
		{8588B800-91A6-45F2-8D50-B4754ED73109}.Release|ARM.Build.0 = Release|Any CPU
		{8588B800-91A6-45F2-8D50-B4754ED73109}.Release|iPhone.ActiveCfg = Release|Any CPU
		{8588B800-91A6-45F2-8D50-B4754ED73109}.Release|iPhone.Build.0 = Release|Any CPU
		{8588B800-91A6-45F2-8D50-B4754ED73109}.Release|iPhoneSimulator.ActiveCfg = Release|Any CPU
		{8588B800-91A6-45F2-8D50-B4754ED73109}.Release|iPhoneSimulator.Build.0 = Release|Any CPU
		{8588B800-91A6-45F2-8D50-B4754ED73109}.Release|x64.ActiveCfg = Release|Any CPU
		{8588B800-91A6-45F2-8D50-B4754ED73109}.Release|x64.Build.0 = Release|Any CPU
		{8588B800-91A6-45F2-8D50-B4754ED73109}.Release|x86.ActiveCfg = Release|Any CPU
		{8588B800-91A6-45F2-8D50-B4754ED73109}.Release|x86.Build.0 = Release|Any CPU
		{E323EA51-1AC1-495B-AD64-93CD74CBE851}.Ad-Hoc|Any CPU.ActiveCfg = Debug|Any CPU
		{E323EA51-1AC1-495B-AD64-93CD74CBE851}.Ad-Hoc|Any CPU.Build.0 = Debug|Any CPU
		{E323EA51-1AC1-495B-AD64-93CD74CBE851}.Ad-Hoc|ARM.ActiveCfg = Debug|Any CPU
		{E323EA51-1AC1-495B-AD64-93CD74CBE851}.Ad-Hoc|ARM.Build.0 = Debug|Any CPU
		{E323EA51-1AC1-495B-AD64-93CD74CBE851}.Ad-Hoc|iPhone.ActiveCfg = Debug|Any CPU
		{E323EA51-1AC1-495B-AD64-93CD74CBE851}.Ad-Hoc|iPhone.Build.0 = Debug|Any CPU
		{E323EA51-1AC1-495B-AD64-93CD74CBE851}.Ad-Hoc|iPhoneSimulator.ActiveCfg = Debug|Any CPU
		{E323EA51-1AC1-495B-AD64-93CD74CBE851}.Ad-Hoc|iPhoneSimulator.Build.0 = Debug|Any CPU
		{E323EA51-1AC1-495B-AD64-93CD74CBE851}.Ad-Hoc|x64.ActiveCfg = Debug|Any CPU
		{E323EA51-1AC1-495B-AD64-93CD74CBE851}.Ad-Hoc|x64.Build.0 = Debug|Any CPU
		{E323EA51-1AC1-495B-AD64-93CD74CBE851}.Ad-Hoc|x86.ActiveCfg = Debug|Any CPU
		{E323EA51-1AC1-495B-AD64-93CD74CBE851}.Ad-Hoc|x86.Build.0 = Debug|Any CPU
		{E323EA51-1AC1-495B-AD64-93CD74CBE851}.AppStore|Any CPU.ActiveCfg = Debug|Any CPU
		{E323EA51-1AC1-495B-AD64-93CD74CBE851}.AppStore|Any CPU.Build.0 = Debug|Any CPU
		{E323EA51-1AC1-495B-AD64-93CD74CBE851}.AppStore|ARM.ActiveCfg = Debug|Any CPU
		{E323EA51-1AC1-495B-AD64-93CD74CBE851}.AppStore|ARM.Build.0 = Debug|Any CPU
		{E323EA51-1AC1-495B-AD64-93CD74CBE851}.AppStore|iPhone.ActiveCfg = Debug|Any CPU
		{E323EA51-1AC1-495B-AD64-93CD74CBE851}.AppStore|iPhone.Build.0 = Debug|Any CPU
		{E323EA51-1AC1-495B-AD64-93CD74CBE851}.AppStore|iPhoneSimulator.ActiveCfg = Debug|Any CPU
		{E323EA51-1AC1-495B-AD64-93CD74CBE851}.AppStore|iPhoneSimulator.Build.0 = Debug|Any CPU
		{E323EA51-1AC1-495B-AD64-93CD74CBE851}.AppStore|x64.ActiveCfg = Debug|Any CPU
		{E323EA51-1AC1-495B-AD64-93CD74CBE851}.AppStore|x64.Build.0 = Debug|Any CPU
		{E323EA51-1AC1-495B-AD64-93CD74CBE851}.AppStore|x86.ActiveCfg = Debug|Any CPU
		{E323EA51-1AC1-495B-AD64-93CD74CBE851}.AppStore|x86.Build.0 = Debug|Any CPU
		{E323EA51-1AC1-495B-AD64-93CD74CBE851}.Debug|Any CPU.ActiveCfg = Debug|Any CPU
		{E323EA51-1AC1-495B-AD64-93CD74CBE851}.Debug|Any CPU.Build.0 = Debug|Any CPU
		{E323EA51-1AC1-495B-AD64-93CD74CBE851}.Debug|ARM.ActiveCfg = Debug|Any CPU
		{E323EA51-1AC1-495B-AD64-93CD74CBE851}.Debug|ARM.Build.0 = Debug|Any CPU
		{E323EA51-1AC1-495B-AD64-93CD74CBE851}.Debug|iPhone.ActiveCfg = Debug|Any CPU
		{E323EA51-1AC1-495B-AD64-93CD74CBE851}.Debug|iPhone.Build.0 = Debug|Any CPU
		{E323EA51-1AC1-495B-AD64-93CD74CBE851}.Debug|iPhoneSimulator.ActiveCfg = Debug|Any CPU
		{E323EA51-1AC1-495B-AD64-93CD74CBE851}.Debug|iPhoneSimulator.Build.0 = Debug|Any CPU
		{E323EA51-1AC1-495B-AD64-93CD74CBE851}.Debug|x64.ActiveCfg = Debug|Any CPU
		{E323EA51-1AC1-495B-AD64-93CD74CBE851}.Debug|x64.Build.0 = Debug|Any CPU
		{E323EA51-1AC1-495B-AD64-93CD74CBE851}.Debug|x86.ActiveCfg = Debug|Any CPU
		{E323EA51-1AC1-495B-AD64-93CD74CBE851}.Debug|x86.Build.0 = Debug|Any CPU
		{E323EA51-1AC1-495B-AD64-93CD74CBE851}.Release|Any CPU.ActiveCfg = Release|Any CPU
		{E323EA51-1AC1-495B-AD64-93CD74CBE851}.Release|Any CPU.Build.0 = Release|Any CPU
		{E323EA51-1AC1-495B-AD64-93CD74CBE851}.Release|ARM.ActiveCfg = Release|Any CPU
		{E323EA51-1AC1-495B-AD64-93CD74CBE851}.Release|ARM.Build.0 = Release|Any CPU
		{E323EA51-1AC1-495B-AD64-93CD74CBE851}.Release|iPhone.ActiveCfg = Release|Any CPU
		{E323EA51-1AC1-495B-AD64-93CD74CBE851}.Release|iPhone.Build.0 = Release|Any CPU
		{E323EA51-1AC1-495B-AD64-93CD74CBE851}.Release|iPhoneSimulator.ActiveCfg = Release|Any CPU
		{E323EA51-1AC1-495B-AD64-93CD74CBE851}.Release|iPhoneSimulator.Build.0 = Release|Any CPU
		{E323EA51-1AC1-495B-AD64-93CD74CBE851}.Release|x64.ActiveCfg = Release|Any CPU
		{E323EA51-1AC1-495B-AD64-93CD74CBE851}.Release|x64.Build.0 = Release|Any CPU
		{E323EA51-1AC1-495B-AD64-93CD74CBE851}.Release|x86.ActiveCfg = Release|Any CPU
		{E323EA51-1AC1-495B-AD64-93CD74CBE851}.Release|x86.Build.0 = Release|Any CPU
	EndGlobalSection
	GlobalSection(SolutionProperties) = preSolution
		HideSolutionNode = FALSE
	EndGlobalSection
	GlobalSection(NestedProjects) = preSolution
		{17780320-C1A3-43F9-B1F6-50B73CFC8A35} = {52F55B5F-A0FB-44BC-8534-5A6719AA2E95}
		{262E5049-74D0-40FE-8D4B-87EA4E84688F} = {52F55B5F-A0FB-44BC-8534-5A6719AA2E95}
		{9731E415-18D1-49F0-89CA-1F366E12D7F0} = {52F55B5F-A0FB-44BC-8534-5A6719AA2E95}
	EndGlobalSection
	GlobalSection(ExtensibilityGlobals) = postSolution
		SolutionGuid = {4469ADA8-C50B-4E5E-BC9A-68C2B5100581}
	EndGlobalSection
EndGlobal
